
Microsoft Visual Studio Solution File, Format Version 12.00
# Visual Studio 14
VisualStudioVersion = 14.0.24720.0
MinimumVisualStudioVersion = 10.0.40219.1
Project("{FAE04EC0-301F-11D3-BF4B-00C04F79EFBC}") = "EXE_M2C1_4", "EXE_M2C1_4\EXE_M2C1_4.csproj", "{8BA0611D-07A8-4372-824C-03EE66211F7F}"
EndProject
Global
	GlobalSection(SolutionConfigurationPlatforms) = preSolution
		Debug|Any CPU = Debug|Any CPU
		Release|Any CPU = Release|Any CPU
	EndGlobalSection
	GlobalSection(ProjectConfigurationPlatforms) = postSolution
		{8BA0611D-07A8-4372-824C-03EE66211F7F}.Debug|Any CPU.ActiveCfg = Debug|Any CPU
		{8BA0611D-07A8-4372-824C-03EE66211F7F}.Debug|Any CPU.Build.0 = Debug|Any CPU
		{8BA0611D-07A8-4372-824C-03EE66211F7F}.Release|Any CPU.ActiveCfg = Release|Any CPU
		{8BA0611D-07A8-4372-824C-03EE66211F7F}.Release|Any CPU.Build.0 = Release|Any CPU
	EndGlobalSection
	GlobalSection(SolutionProperties) = preSolution
		HideSolutionNode = FALSE
	EndGlobalSection
EndGlobal
